
Microsoft Visual Studio Solution File, Format Version 12.00
# Visual Studio 15
VisualStudioVersion = 15.0.26430.15
MinimumVisualStudioVersion = 10.0.40219.1
Project("{FAE04EC0-301F-11D3-BF4B-00C04F79EFBC}") = "DungeonHack", "FunAndGamesWithSlimDX\DungeonHack.csproj", "{9E9CB014-FD9D-422A-B425-2E9C0A522965}"
EndProject
Project("{FAE04EC0-301F-11D3-BF4B-00C04F79EFBC}") = "MeshCreator", "MeshCreator\MeshCreator.csproj", "{CF0622DC-68EE-471E-AD7E-93FC39897194}"
EndProject
Project("{FAE04EC0-301F-11D3-BF4B-00C04F79EFBC}") = "MapEditor", "MapEditor\MapEditor.csproj", "{111BA770-D76B-4E55-B636-86EC9FA1A6E0}"
EndProject
Project("{FAE04EC0-301F-11D3-BF4B-00C04F79EFBC}") = "Geometry", "Project1\Geometry.csproj", "{E8EF04DF-50B0-4110-92CA-E3D0DB9D96FC}"
EndProject
Project("{FAE04EC0-301F-11D3-BF4B-00C04F79EFBC}") = "GameData", "GameData\GameData.csproj", "{8A9B18CC-FE62-41DE-82AF-F9D2378A925B}"
EndProject
Project("{FAE04EC0-301F-11D3-BF4B-00C04F79EFBC}") = "Poly2Tri", "poly2tri-cs-master\Poly2Tri.csproj", "{C5E5802D-6A45-4FE9-BAE7-5F0AE91D72C1}"
EndProject
Project("{FAE04EC0-301F-11D3-BF4B-00C04F79EFBC}") = "MazeEditor", "MazeEditor\MazeEditor.csproj", "{0F841E4B-434D-47EC-9557-0EF9372F5CBE}"
EndProject
Global
	GlobalSection(Performance) = preSolution
		HasPerformanceSessions = true
	EndGlobalSection
	GlobalSection(SolutionConfigurationPlatforms) = preSolution
		Debug|Any CPU = Debug|Any CPU
		Debug|x86 = Debug|x86
		Release|Any CPU = Release|Any CPU
		Release|x86 = Release|x86
	EndGlobalSection
	GlobalSection(ProjectConfigurationPlatforms) = postSolution
		{9E9CB014-FD9D-422A-B425-2E9C0A522965}.Debug|Any CPU.ActiveCfg = Debug|Any CPU
		{9E9CB014-FD9D-422A-B425-2E9C0A522965}.Debug|Any CPU.Build.0 = Debug|Any CPU
		{9E9CB014-FD9D-422A-B425-2E9C0A522965}.Debug|x86.ActiveCfg = Debug|Any CPU
		{9E9CB014-FD9D-422A-B425-2E9C0A522965}.Debug|x86.Build.0 = Debug|Any CPU
		{9E9CB014-FD9D-422A-B425-2E9C0A522965}.Release|Any CPU.ActiveCfg = Release|Any CPU
		{9E9CB014-FD9D-422A-B425-2E9C0A522965}.Release|Any CPU.Build.0 = Release|Any CPU
		{9E9CB014-FD9D-422A-B425-2E9C0A522965}.Release|x86.ActiveCfg = Release|Any CPU
		{9E9CB014-FD9D-422A-B425-2E9C0A522965}.Release|x86.Build.0 = Release|Any CPU
		{CF0622DC-68EE-471E-AD7E-93FC39897194}.Debug|Any CPU.ActiveCfg = Debug|Any CPU
		{CF0622DC-68EE-471E-AD7E-93FC39897194}.Debug|Any CPU.Build.0 = Debug|Any CPU
		{CF0622DC-68EE-471E-AD7E-93FC39897194}.Debug|x86.ActiveCfg = Debug|Any CPU
		{CF0622DC-68EE-471E-AD7E-93FC39897194}.Debug|x86.Build.0 = Debug|Any CPU
		{CF0622DC-68EE-471E-AD7E-93FC39897194}.Release|Any CPU.ActiveCfg = Release|Any CPU
		{CF0622DC-68EE-471E-AD7E-93FC39897194}.Release|Any CPU.Build.0 = Release|Any CPU
		{CF0622DC-68EE-471E-AD7E-93FC39897194}.Release|x86.ActiveCfg = Release|Any CPU
		{CF0622DC-68EE-471E-AD7E-93FC39897194}.Release|x86.Build.0 = Release|Any CPU
		{111BA770-D76B-4E55-B636-86EC9FA1A6E0}.Debug|Any CPU.ActiveCfg = Debug|Any CPU
		{111BA770-D76B-4E55-B636-86EC9FA1A6E0}.Debug|Any CPU.Build.0 = Debug|Any CPU
		{111BA770-D76B-4E55-B636-86EC9FA1A6E0}.Debug|x86.ActiveCfg = Debug|Win32
		{111BA770-D76B-4E55-B636-86EC9FA1A6E0}.Debug|x86.Build.0 = Debug|Win32
		{111BA770-D76B-4E55-B636-86EC9FA1A6E0}.Release|Any CPU.ActiveCfg = Release|Any CPU
		{111BA770-D76B-4E55-B636-86EC9FA1A6E0}.Release|Any CPU.Build.0 = Release|Any CPU
		{111BA770-D76B-4E55-B636-86EC9FA1A6E0}.Release|x86.ActiveCfg = Release|Win32
		{111BA770-D76B-4E55-B636-86EC9FA1A6E0}.Release|x86.Build.0 = Release|Win32
		{E8EF04DF-50B0-4110-92CA-E3D0DB9D96FC}.Debug|Any CPU.ActiveCfg = Debug|Any CPU
		{E8EF04DF-50B0-4110-92CA-E3D0DB9D96FC}.Debug|Any CPU.Build.0 = Debug|Any CPU
		{E8EF04DF-50B0-4110-92CA-E3D0DB9D96FC}.Debug|x86.ActiveCfg = Debug|Any CPU
		{E8EF04DF-50B0-4110-92CA-E3D0DB9D96FC}.Debug|x86.Build.0 = Debug|Any CPU
		{E8EF04DF-50B0-4110-92CA-E3D0DB9D96FC}.Release|Any CPU.ActiveCfg = Release|Any CPU
		{E8EF04DF-50B0-4110-92CA-E3D0DB9D96FC}.Release|Any CPU.Build.0 = Release|Any CPU
		{E8EF04DF-50B0-4110-92CA-E3D0DB9D96FC}.Release|x86.ActiveCfg = Release|Any CPU
		{E8EF04DF-50B0-4110-92CA-E3D0DB9D96FC}.Release|x86.Build.0 = Release|Any CPU
		{8A9B18CC-FE62-41DE-82AF-F9D2378A925B}.Debug|Any CPU.ActiveCfg = Debug|Any CPU
		{8A9B18CC-FE62-41DE-82AF-F9D2378A925B}.Debug|Any CPU.Build.0 = Debug|Any CPU
		{8A9B18CC-FE62-41DE-82AF-F9D2378A925B}.Debug|x86.ActiveCfg = Debug|Any CPU
		{8A9B18CC-FE62-41DE-82AF-F9D2378A925B}.Debug|x86.Build.0 = Debug|Any CPU
		{8A9B18CC-FE62-41DE-82AF-F9D2378A925B}.Release|Any CPU.ActiveCfg = Release|Any CPU
		{8A9B18CC-FE62-41DE-82AF-F9D2378A925B}.Release|Any CPU.Build.0 = Release|Any CPU
		{8A9B18CC-FE62-41DE-82AF-F9D2378A925B}.Release|x86.ActiveCfg = Release|Any CPU
		{8A9B18CC-FE62-41DE-82AF-F9D2378A925B}.Release|x86.Build.0 = Release|Any CPU
		{C5E5802D-6A45-4FE9-BAE7-5F0AE91D72C1}.Debug|Any CPU.ActiveCfg = Debug|Any CPU
		{C5E5802D-6A45-4FE9-BAE7-5F0AE91D72C1}.Debug|Any CPU.Build.0 = Debug|Any CPU
		{C5E5802D-6A45-4FE9-BAE7-5F0AE91D72C1}.Debug|x86.ActiveCfg = Debug|x86
		{C5E5802D-6A45-4FE9-BAE7-5F0AE91D72C1}.Debug|x86.Build.0 = Debug|x86
		{C5E5802D-6A45-4FE9-BAE7-5F0AE91D72C1}.Release|Any CPU.ActiveCfg = Release|Any CPU
		{C5E5802D-6A45-4FE9-BAE7-5F0AE91D72C1}.Release|Any CPU.Build.0 = Release|Any CPU
		{C5E5802D-6A45-4FE9-BAE7-5F0AE91D72C1}.Release|x86.ActiveCfg = Release|x86
		{C5E5802D-6A45-4FE9-BAE7-5F0AE91D72C1}.Release|x86.Build.0 = Release|x86
		{0F841E4B-434D-47EC-9557-0EF9372F5CBE}.Debug|Any CPU.ActiveCfg = Debug|Any CPU
		{0F841E4B-434D-47EC-9557-0EF9372F5CBE}.Debug|Any CPU.Build.0 = Debug|Any CPU
		{0F841E4B-434D-47EC-9557-0EF9372F5CBE}.Debug|x86.ActiveCfg = Debug|Any CPU
		{0F841E4B-434D-47EC-9557-0EF9372F5CBE}.Debug|x86.Build.0 = Debug|Any CPU
		{0F841E4B-434D-47EC-9557-0EF9372F5CBE}.Release|Any CPU.ActiveCfg = Release|Any CPU
		{0F841E4B-434D-47EC-9557-0EF9372F5CBE}.Release|Any CPU.Build.0 = Release|Any CPU
		{0F841E4B-434D-47EC-9557-0EF9372F5CBE}.Release|x86.ActiveCfg = Release|Any CPU
		{0F841E4B-434D-47EC-9557-0EF9372F5CBE}.Release|x86.Build.0 = Release|Any CPU
	EndGlobalSection
	GlobalSection(SolutionProperties) = preSolution
		HideSolutionNode = FALSE
	EndGlobalSection
	GlobalSection(ExtensibilityGlobals) = postSolution
		SolutionGuid = {C0F7B9ED-34C4-4E71-BA70-D0810B6C523C}
	EndGlobalSection
	GlobalSection(Performance) = preSolution
		HasPerformanceSessions = true
	EndGlobalSection
EndGlobal
